
Microsoft Visual Studio Solution File, Format Version 11.00
# Visual Studio 2010
Project("{FAE04EC0-301F-11D3-BF4B-00C04F79EFBC}") = "SourceForgePlugin", "SourceForgePlugin.csproj", "{6DC622A4-8934-40E7-A4A9-A44914187349}"
EndProject
Global
	GlobalSection(SolutionConfigurationPlatforms) = preSolution
		Debug|Any CPU = Debug|Any CPU
		Release|Any CPU = Release|Any CPU
	EndGlobalSection
	GlobalSection(ProjectConfigurationPlatforms) = postSolution
		{6DC622A4-8934-40E7-A4A9-A44914187349}.Debug|Any CPU.ActiveCfg = Debug|Any CPU
		{6DC622A4-8934-40E7-A4A9-A44914187349}.Debug|Any CPU.Build.0 = Debug|Any CPU
		{6DC622A4-8934-40E7-A4A9-A44914187349}.Release|Any CPU.ActiveCfg = Release|Any CPU
		{6DC622A4-8934-40E7-A4A9-A44914187349}.Release|Any CPU.Build.0 = Release|Any CPU
	EndGlobalSection
	GlobalSection(SolutionProperties) = preSolution
		HideSolutionNode = FALSE
	EndGlobalSection
EndGlobal
