
Microsoft Visual Studio Solution File, Format Version 10.00
# Visual Studio 2008
Project("{8BC9CEB8-8B4A-11D0-8D11-00A0C91BC942}") = "CharityDrive", "CharityDrive\CharityDrive.vcproj", "{2512ED05-EABC-4D2A-9C36-C1443F4F8895}"
EndProject
Project("{8BC9CEB8-8B4A-11D0-8D11-00A0C91BC942}") = "Pyro", "Pyro\Pyro.vcproj", "{8985C97B-C3F9-40DD-8A14-B91D7E7784E0}"
EndProject
Project("{8BC9CEB8-8B4A-11D0-8D11-00A0C91BC942}") = "AsterWave", "AsterWave\AsterWave.vcproj", "{2938C95A-2EFA-4ED4-BB64-F559AB4B7982}"
EndProject
Project("{8BC9CEB8-8B4A-11D0-8D11-00A0C91BC942}") = "ColorStorm", "ColorStorm\ColorStorm.vcproj", "{C1C0C2B1-21F6-469D-BC57-902439E8E708}"
EndProject
Project("{8BC9CEB8-8B4A-11D0-8D11-00A0C91BC942}") = "PingPong", "PingPong\PingPong.vcproj", "{97A539C3-96D8-4DF4-B1D2-D99DE088F542}"
EndProject
Project("{8BC9CEB8-8B4A-11D0-8D11-00A0C91BC942}") = "MatrixTrails", "MatrixTrails\MatrixTrails.vcproj", "{52EA3DC3-D359-4C41-83BE-39C2551F9A62}"
EndProject
Project("{8BC9CEB8-8B4A-11D0-8D11-00A0C91BC942}") = "Stars", "Stars\Stars.vcproj", "{058570AC-AD33-4B63-8F0D-49629270EF9A}"
EndProject
Project("{8BC9CEB8-8B4A-11D0-8D11-00A0C91BC942}") = "BioGenesis", "BioGenesis\BioGenesis.vcproj", "{EA62C768-36FE-44F3-B96F-58A44E4D193C}"
EndProject
Project("{8BC9CEB8-8B4A-11D0-8D11-00A0C91BC942}") = "Drempels", "Drempels\Drempels.vcproj", "{3ABBD998-2BAF-444F-B45C-5644F83D35EC}"
EndProject
Project("{8BC9CEB8-8B4A-11D0-8D11-00A0C91BC942}") = "Shaders", "Shaders\Shaders.vcproj", "{9D7B0E45-409A-44B7-B4C0-49C6ABAE3BA1}"
EndProject
Project("{8BC9CEB8-8B4A-11D0-8D11-00A0C91BC942}") = "Asteroids", "Asteroids\Asteroids.vcproj", "{6E5802C8-6373-45E6-A77F-1CE73D812807}"
EndProject
Project("{8BC9CEB8-8B4A-11D0-8D11-00A0C91BC942}") = "CrystalMorph", "CrystalMorph\CrystalMorph.vcproj", "{05816140-DA73-4A94-8860-367E943477E2}"
EndProject
Project("{8BC9CEB8-8B4A-11D0-8D11-00A0C91BC942}") = "GreyNetic", "GreyNetic\GreyNetic.vcproj", "{CC56142F-0E9A-4BD0-9C9E-959700A7AD14}"
EndProject
Project("{8BC9CEB8-8B4A-11D0-8D11-00A0C91BC942}") = "PlaneState", "PlaneState\PlaneState.vcproj", "{18421ABF-D5ED-4D53-8671-22AECFD87F05}"
EndProject
Project("{8BC9CEB8-8B4A-11D0-8D11-00A0C91BC942}") = "ShadeWorm", "ShadeWorm\ShadeWorm.vcproj", "{38E0DD1E-34A0-438B-B60D-C0594FBD2DC5}"
EndProject
Project("{8BC9CEB8-8B4A-11D0-8D11-00A0C91BC942}") = "CpBlobs", "CpBlobs\CpBlobs.vcproj", "{8B809E52-DDC6-4F00-ADA4-014E9E6B2DF0}"
EndProject
Project("{8BC9CEB8-8B4A-11D0-8D11-00A0C91BC942}") = "Fractal", "Fractal\Fractal.vcproj", "{A1AB96E0-B312-4C89-AE72-1904EF7DF890}"
EndProject
Project("{8BC9CEB8-8B4A-11D0-8D11-00A0C91BC942}") = "Valentine", "Valentine\Valentine.vcproj", "{C845844C-793F-401D-BA4C-22AC1054A50B}"
EndProject
Global
	GlobalSection(SolutionConfigurationPlatforms) = preSolution
		Debug|Win32 = Debug|Win32
		Debug|x64 = Debug|x64
		Release|Win32 = Release|Win32
		Release|x64 = Release|x64
	EndGlobalSection
	GlobalSection(ProjectConfigurationPlatforms) = postSolution
		{2512ED05-EABC-4D2A-9C36-C1443F4F8895}.Debug|Win32.ActiveCfg = Debug|Win32
		{2512ED05-EABC-4D2A-9C36-C1443F4F8895}.Debug|Win32.Build.0 = Debug|Win32
		{2512ED05-EABC-4D2A-9C36-C1443F4F8895}.Debug|x64.ActiveCfg = Debug|x64
		{2512ED05-EABC-4D2A-9C36-C1443F4F8895}.Debug|x64.Build.0 = Debug|x64
		{2512ED05-EABC-4D2A-9C36-C1443F4F8895}.Release|Win32.ActiveCfg = Release|Win32
		{2512ED05-EABC-4D2A-9C36-C1443F4F8895}.Release|Win32.Build.0 = Release|Win32
		{2512ED05-EABC-4D2A-9C36-C1443F4F8895}.Release|x64.ActiveCfg = Release|x64
		{2512ED05-EABC-4D2A-9C36-C1443F4F8895}.Release|x64.Build.0 = Release|x64
		{8985C97B-C3F9-40DD-8A14-B91D7E7784E0}.Debug|Win32.ActiveCfg = Debug|Win32
		{8985C97B-C3F9-40DD-8A14-B91D7E7784E0}.Debug|Win32.Build.0 = Debug|Win32
		{8985C97B-C3F9-40DD-8A14-B91D7E7784E0}.Debug|x64.ActiveCfg = Debug|x64
		{8985C97B-C3F9-40DD-8A14-B91D7E7784E0}.Debug|x64.Build.0 = Debug|x64
		{8985C97B-C3F9-40DD-8A14-B91D7E7784E0}.Release|Win32.ActiveCfg = Release|Win32
		{8985C97B-C3F9-40DD-8A14-B91D7E7784E0}.Release|Win32.Build.0 = Release|Win32
		{8985C97B-C3F9-40DD-8A14-B91D7E7784E0}.Release|x64.ActiveCfg = Release|x64
		{8985C97B-C3F9-40DD-8A14-B91D7E7784E0}.Release|x64.Build.0 = Release|x64
		{2938C95A-2EFA-4ED4-BB64-F559AB4B7982}.Debug|Win32.ActiveCfg = Debug|Win32
		{2938C95A-2EFA-4ED4-BB64-F559AB4B7982}.Debug|Win32.Build.0 = Debug|Win32
		{2938C95A-2EFA-4ED4-BB64-F559AB4B7982}.Debug|x64.ActiveCfg = Debug|x64
		{2938C95A-2EFA-4ED4-BB64-F559AB4B7982}.Debug|x64.Build.0 = Debug|x64
		{2938C95A-2EFA-4ED4-BB64-F559AB4B7982}.Release|Win32.ActiveCfg = Release|Win32
		{2938C95A-2EFA-4ED4-BB64-F559AB4B7982}.Release|Win32.Build.0 = Release|Win32
		{2938C95A-2EFA-4ED4-BB64-F559AB4B7982}.Release|x64.ActiveCfg = Release|x64
		{2938C95A-2EFA-4ED4-BB64-F559AB4B7982}.Release|x64.Build.0 = Release|x64
		{C1C0C2B1-21F6-469D-BC57-902439E8E708}.Debug|Win32.ActiveCfg = Debug|Win32
		{C1C0C2B1-21F6-469D-BC57-902439E8E708}.Debug|Win32.Build.0 = Debug|Win32
		{C1C0C2B1-21F6-469D-BC57-902439E8E708}.Debug|x64.ActiveCfg = Debug|x64
		{C1C0C2B1-21F6-469D-BC57-902439E8E708}.Debug|x64.Build.0 = Debug|x64
		{C1C0C2B1-21F6-469D-BC57-902439E8E708}.Release|Win32.ActiveCfg = Release|Win32
		{C1C0C2B1-21F6-469D-BC57-902439E8E708}.Release|Win32.Build.0 = Release|Win32
		{C1C0C2B1-21F6-469D-BC57-902439E8E708}.Release|x64.ActiveCfg = Release|x64
		{C1C0C2B1-21F6-469D-BC57-902439E8E708}.Release|x64.Build.0 = Release|x64
		{97A539C3-96D8-4DF4-B1D2-D99DE088F542}.Debug|Win32.ActiveCfg = Debug|Win32
		{97A539C3-96D8-4DF4-B1D2-D99DE088F542}.Debug|Win32.Build.0 = Debug|Win32
		{97A539C3-96D8-4DF4-B1D2-D99DE088F542}.Debug|x64.ActiveCfg = Debug|x64
		{97A539C3-96D8-4DF4-B1D2-D99DE088F542}.Debug|x64.Build.0 = Debug|x64
		{97A539C3-96D8-4DF4-B1D2-D99DE088F542}.Release|Win32.ActiveCfg = Release|Win32
		{97A539C3-96D8-4DF4-B1D2-D99DE088F542}.Release|Win32.Build.0 = Release|Win32
		{97A539C3-96D8-4DF4-B1D2-D99DE088F542}.Release|x64.ActiveCfg = Release|x64
		{97A539C3-96D8-4DF4-B1D2-D99DE088F542}.Release|x64.Build.0 = Release|x64
		{52EA3DC3-D359-4C41-83BE-39C2551F9A62}.Debug|Win32.ActiveCfg = Debug|Win32
		{52EA3DC3-D359-4C41-83BE-39C2551F9A62}.Debug|Win32.Build.0 = Debug|Win32
		{52EA3DC3-D359-4C41-83BE-39C2551F9A62}.Debug|x64.ActiveCfg = Debug|x64
		{52EA3DC3-D359-4C41-83BE-39C2551F9A62}.Debug|x64.Build.0 = Debug|x64
		{52EA3DC3-D359-4C41-83BE-39C2551F9A62}.Release|Win32.ActiveCfg = Release|Win32
		{52EA3DC3-D359-4C41-83BE-39C2551F9A62}.Release|Win32.Build.0 = Release|Win32
		{52EA3DC3-D359-4C41-83BE-39C2551F9A62}.Release|x64.ActiveCfg = Release|x64
		{52EA3DC3-D359-4C41-83BE-39C2551F9A62}.Release|x64.Build.0 = Release|x64
		{058570AC-AD33-4B63-8F0D-49629270EF9A}.Debug|Win32.ActiveCfg = Debug|Win32
		{058570AC-AD33-4B63-8F0D-49629270EF9A}.Debug|Win32.Build.0 = Debug|Win32
		{058570AC-AD33-4B63-8F0D-49629270EF9A}.Debug|x64.ActiveCfg = Debug|x64
		{058570AC-AD33-4B63-8F0D-49629270EF9A}.Debug|x64.Build.0 = Debug|x64
		{058570AC-AD33-4B63-8F0D-49629270EF9A}.Release|Win32.ActiveCfg = Release|Win32
		{058570AC-AD33-4B63-8F0D-49629270EF9A}.Release|Win32.Build.0 = Release|Win32
		{058570AC-AD33-4B63-8F0D-49629270EF9A}.Release|x64.ActiveCfg = Release|x64
		{058570AC-AD33-4B63-8F0D-49629270EF9A}.Release|x64.Build.0 = Release|x64
		{EA62C768-36FE-44F3-B96F-58A44E4D193C}.Debug|Win32.ActiveCfg = Debug|Win32
		{EA62C768-36FE-44F3-B96F-58A44E4D193C}.Debug|Win32.Build.0 = Debug|Win32
		{EA62C768-36FE-44F3-B96F-58A44E4D193C}.Debug|x64.ActiveCfg = Debug|x64
		{EA62C768-36FE-44F3-B96F-58A44E4D193C}.Debug|x64.Build.0 = Debug|x64
		{EA62C768-36FE-44F3-B96F-58A44E4D193C}.Release|Win32.ActiveCfg = Release|Win32
		{EA62C768-36FE-44F3-B96F-58A44E4D193C}.Release|Win32.Build.0 = Release|Win32
		{EA62C768-36FE-44F3-B96F-58A44E4D193C}.Release|x64.ActiveCfg = Release|x64
		{EA62C768-36FE-44F3-B96F-58A44E4D193C}.Release|x64.Build.0 = Release|x64
		{3ABBD998-2BAF-444F-B45C-5644F83D35EC}.Debug|Win32.ActiveCfg = Debug|Win32
		{3ABBD998-2BAF-444F-B45C-5644F83D35EC}.Debug|Win32.Build.0 = Debug|Win32
		{3ABBD998-2BAF-444F-B45C-5644F83D35EC}.Debug|x64.ActiveCfg = Debug|x64
		{3ABBD998-2BAF-444F-B45C-5644F83D35EC}.Debug|x64.Build.0 = Debug|x64
		{3ABBD998-2BAF-444F-B45C-5644F83D35EC}.Release|Win32.ActiveCfg = Release|Win32
		{3ABBD998-2BAF-444F-B45C-5644F83D35EC}.Release|Win32.Build.0 = Release|Win32
		{3ABBD998-2BAF-444F-B45C-5644F83D35EC}.Release|x64.ActiveCfg = Release|x64
		{3ABBD998-2BAF-444F-B45C-5644F83D35EC}.Release|x64.Build.0 = Release|x64
		{9D7B0E45-409A-44B7-B4C0-49C6ABAE3BA1}.Debug|Win32.ActiveCfg = Debug|Win32
		{9D7B0E45-409A-44B7-B4C0-49C6ABAE3BA1}.Debug|Win32.Build.0 = Debug|Win32
		{9D7B0E45-409A-44B7-B4C0-49C6ABAE3BA1}.Debug|x64.ActiveCfg = Debug|x64
		{9D7B0E45-409A-44B7-B4C0-49C6ABAE3BA1}.Debug|x64.Build.0 = Debug|x64
		{9D7B0E45-409A-44B7-B4C0-49C6ABAE3BA1}.Release|Win32.ActiveCfg = Release|Win32
		{9D7B0E45-409A-44B7-B4C0-49C6ABAE3BA1}.Release|Win32.Build.0 = Release|Win32
		{9D7B0E45-409A-44B7-B4C0-49C6ABAE3BA1}.Release|x64.ActiveCfg = Release|x64
		{9D7B0E45-409A-44B7-B4C0-49C6ABAE3BA1}.Release|x64.Build.0 = Release|x64
		{6E5802C8-6373-45E6-A77F-1CE73D812807}.Debug|Win32.ActiveCfg = Debug|Win32
		{6E5802C8-6373-45E6-A77F-1CE73D812807}.Debug|Win32.Build.0 = Debug|Win32
		{6E5802C8-6373-45E6-A77F-1CE73D812807}.Debug|x64.ActiveCfg = Debug|x64
		{6E5802C8-6373-45E6-A77F-1CE73D812807}.Debug|x64.Build.0 = Debug|x64
		{6E5802C8-6373-45E6-A77F-1CE73D812807}.Release|Win32.ActiveCfg = Release|Win32
		{6E5802C8-6373-45E6-A77F-1CE73D812807}.Release|Win32.Build.0 = Release|Win32
		{6E5802C8-6373-45E6-A77F-1CE73D812807}.Release|x64.ActiveCfg = Release|x64
		{6E5802C8-6373-45E6-A77F-1CE73D812807}.Release|x64.Build.0 = Release|x64
		{05816140-DA73-4A94-8860-367E943477E2}.Debug|Win32.ActiveCfg = Debug|Win32
		{05816140-DA73-4A94-8860-367E943477E2}.Debug|Win32.Build.0 = Debug|Win32
		{05816140-DA73-4A94-8860-367E943477E2}.Debug|x64.ActiveCfg = Debug|x64
		{05816140-DA73-4A94-8860-367E943477E2}.Debug|x64.Build.0 = Debug|x64
		{05816140-DA73-4A94-8860-367E943477E2}.Release|Win32.ActiveCfg = Release|Win32
		{05816140-DA73-4A94-8860-367E943477E2}.Release|Win32.Build.0 = Release|Win32
		{05816140-DA73-4A94-8860-367E943477E2}.Release|x64.ActiveCfg = Release|x64
		{05816140-DA73-4A94-8860-367E943477E2}.Release|x64.Build.0 = Release|x64
		{CC56142F-0E9A-4BD0-9C9E-959700A7AD14}.Debug|Win32.ActiveCfg = Debug|Win32
		{CC56142F-0E9A-4BD0-9C9E-959700A7AD14}.Debug|Win32.Build.0 = Debug|Win32
		{CC56142F-0E9A-4BD0-9C9E-959700A7AD14}.Debug|x64.ActiveCfg = Debug|x64
		{CC56142F-0E9A-4BD0-9C9E-959700A7AD14}.Debug|x64.Build.0 = Debug|x64
		{CC56142F-0E9A-4BD0-9C9E-959700A7AD14}.Release|Win32.ActiveCfg = Release|Win32
		{CC56142F-0E9A-4BD0-9C9E-959700A7AD14}.Release|Win32.Build.0 = Release|Win32
		{CC56142F-0E9A-4BD0-9C9E-959700A7AD14}.Release|x64.ActiveCfg = Release|x64
		{CC56142F-0E9A-4BD0-9C9E-959700A7AD14}.Release|x64.Build.0 = Release|x64
		{18421ABF-D5ED-4D53-8671-22AECFD87F05}.Debug|Win32.ActiveCfg = Debug|Win32
		{18421ABF-D5ED-4D53-8671-22AECFD87F05}.Debug|Win32.Build.0 = Debug|Win32
		{18421ABF-D5ED-4D53-8671-22AECFD87F05}.Debug|x64.ActiveCfg = Debug|x64
		{18421ABF-D5ED-4D53-8671-22AECFD87F05}.Debug|x64.Build.0 = Debug|x64
		{18421ABF-D5ED-4D53-8671-22AECFD87F05}.Release|Win32.ActiveCfg = Release|Win32
		{18421ABF-D5ED-4D53-8671-22AECFD87F05}.Release|Win32.Build.0 = Release|Win32
		{18421ABF-D5ED-4D53-8671-22AECFD87F05}.Release|x64.ActiveCfg = Release|x64
		{18421ABF-D5ED-4D53-8671-22AECFD87F05}.Release|x64.Build.0 = Release|x64
		{38E0DD1E-34A0-438B-B60D-C0594FBD2DC5}.Debug|Win32.ActiveCfg = Debug|Win32
		{38E0DD1E-34A0-438B-B60D-C0594FBD2DC5}.Debug|Win32.Build.0 = Debug|Win32
		{38E0DD1E-34A0-438B-B60D-C0594FBD2DC5}.Debug|x64.ActiveCfg = Debug|x64
		{38E0DD1E-34A0-438B-B60D-C0594FBD2DC5}.Debug|x64.Build.0 = Debug|x64
		{38E0DD1E-34A0-438B-B60D-C0594FBD2DC5}.Release|Win32.ActiveCfg = Release|Win32
		{38E0DD1E-34A0-438B-B60D-C0594FBD2DC5}.Release|Win32.Build.0 = Release|Win32
		{38E0DD1E-34A0-438B-B60D-C0594FBD2DC5}.Release|x64.ActiveCfg = Release|x64
		{38E0DD1E-34A0-438B-B60D-C0594FBD2DC5}.Release|x64.Build.0 = Release|x64
		{8B809E52-DDC6-4F00-ADA4-014E9E6B2DF0}.Debug|Win32.ActiveCfg = Debug|Win32
		{8B809E52-DDC6-4F00-ADA4-014E9E6B2DF0}.Debug|Win32.Build.0 = Debug|Win32
		{8B809E52-DDC6-4F00-ADA4-014E9E6B2DF0}.Debug|x64.ActiveCfg = Debug|x64
		{8B809E52-DDC6-4F00-ADA4-014E9E6B2DF0}.Debug|x64.Build.0 = Debug|x64
		{8B809E52-DDC6-4F00-ADA4-014E9E6B2DF0}.Release|Win32.ActiveCfg = Release|Win32
		{8B809E52-DDC6-4F00-ADA4-014E9E6B2DF0}.Release|Win32.Build.0 = Release|Win32
		{8B809E52-DDC6-4F00-ADA4-014E9E6B2DF0}.Release|x64.ActiveCfg = Release|x64
		{8B809E52-DDC6-4F00-ADA4-014E9E6B2DF0}.Release|x64.Build.0 = Release|x64
		{A1AB96E0-B312-4C89-AE72-1904EF7DF890}.Debug|Win32.ActiveCfg = Debug|Win32
		{A1AB96E0-B312-4C89-AE72-1904EF7DF890}.Debug|Win32.Build.0 = Debug|Win32
		{A1AB96E0-B312-4C89-AE72-1904EF7DF890}.Debug|x64.ActiveCfg = Debug|x64
		{A1AB96E0-B312-4C89-AE72-1904EF7DF890}.Debug|x64.Build.0 = Debug|x64
		{A1AB96E0-B312-4C89-AE72-1904EF7DF890}.Release|Win32.ActiveCfg = Release|Win32
		{A1AB96E0-B312-4C89-AE72-1904EF7DF890}.Release|Win32.Build.0 = Release|Win32
		{A1AB96E0-B312-4C89-AE72-1904EF7DF890}.Release|x64.ActiveCfg = Release|x64
		{A1AB96E0-B312-4C89-AE72-1904EF7DF890}.Release|x64.Build.0 = Release|x64
		{C845844C-793F-401D-BA4C-22AC1054A50B}.Debug|Win32.ActiveCfg = Debug|Win32
		{C845844C-793F-401D-BA4C-22AC1054A50B}.Debug|Win32.Build.0 = Debug|Win32
		{C845844C-793F-401D-BA4C-22AC1054A50B}.Debug|x64.ActiveCfg = Debug|x64
		{C845844C-793F-401D-BA4C-22AC1054A50B}.Debug|x64.Build.0 = Debug|x64
		{C845844C-793F-401D-BA4C-22AC1054A50B}.Release|Win32.ActiveCfg = Release|Win32
		{C845844C-793F-401D-BA4C-22AC1054A50B}.Release|Win32.Build.0 = Release|Win32
		{C845844C-793F-401D-BA4C-22AC1054A50B}.Release|x64.ActiveCfg = Release|x64
		{C845844C-793F-401D-BA4C-22AC1054A50B}.Release|x64.Build.0 = Release|x64
	EndGlobalSection
	GlobalSection(SolutionProperties) = preSolution
		HideSolutionNode = FALSE
	EndGlobalSection
EndGlobal
