Microsoft Visual Studio Solution File, Format Version 10.00
# Visual Studio 2008
Project("{8BC9CEB8-8B4A-11D0-8D11-00A0C91BC942}") = "FlurryCore", "Sources\Core\FlurryCore.vcproj", "{191D4D69-6678-41B6-A0E7-227E2C3320CF}"
EndProject
Project("{8BC9CEB8-8B4A-11D0-8D11-00A0C91BC942}") = "Flurry", "Sources\Flurry\Flurry.vcproj", "{880FCA66-957D-40E1-9E97-3A23DFF475E2}"
	ProjectSection(ProjectDependencies) = postProject
		{191D4D69-6678-41B6-A0E7-227E2C3320CF} = {191D4D69-6678-41B6-A0E7-227E2C3320CF}
	EndProjectSection
EndProject
Global
	GlobalSection(SolutionConfigurationPlatforms) = preSolution
		Debug|Win32 = Debug|Win32
		Release|Win32 = Release|Win32
	EndGlobalSection
	GlobalSection(ProjectConfigurationPlatforms) = postSolution
		{191D4D69-6678-41B6-A0E7-227E2C3320CF}.Debug|Win32.ActiveCfg = Debug|Win32
		{191D4D69-6678-41B6-A0E7-227E2C3320CF}.Debug|Win32.Build.0 = Debug|Win32
		{191D4D69-6678-41B6-A0E7-227E2C3320CF}.Release|Win32.ActiveCfg = Release|Win32
		{191D4D69-6678-41B6-A0E7-227E2C3320CF}.Release|Win32.Build.0 = Release|Win32
		{880FCA66-957D-40E1-9E97-3A23DFF475E2}.Debug|Win32.ActiveCfg = Debug|Win32
		{880FCA66-957D-40E1-9E97-3A23DFF475E2}.Debug|Win32.Build.0 = Debug|Win32
		{880FCA66-957D-40E1-9E97-3A23DFF475E2}.Release|Win32.ActiveCfg = Release|Win32
		{880FCA66-957D-40E1-9E97-3A23DFF475E2}.Release|Win32.Build.0 = Release|Win32
	EndGlobalSection
	GlobalSection(SolutionProperties) = preSolution
		HideSolutionNode = FALSE
	EndGlobalSection
EndGlobal
